// !$*UTF8*$!
{
	archiveVersion = 1;
	classes = {
	};
	objectVersion = 54;
	objects = {

/* Begin PBXBuildFile section */
		0253D4ECB6F151B1F9332ADA /* HitSlopHost in Frameworks */ = {isa = PBXBuildFile; productRef = DB39551676CB8EC1F9FB75DC /* HitSlopHost */; };
		05E731AEF1C06E492D5D7D18 /* HitSlopCatalog in Frameworks */ = {isa = PBXBuildFile; productRef = F47B3662C054655C373D2A3F /* HitSlopCatalog */; };
		0B3F815DB54B804FE2ABE529 /* HitSlopRuntime in Frameworks */ = {isa = PBXBuildFile; productRef = 187A94C4DB35D5420C579E3E /* HitSlopRuntime */; };
		3100D7B7E3D59CF3DA13D845 /* HitSlopCore in Frameworks */ = {isa = PBXBuildFile; productRef = 65BB990F9591043453C7B220 /* HitSlopCore */; };
		3F91EC9FC8A44F9B3E911B79 /* HitSlopRuntime in Frameworks */ = {isa = PBXBuildFile; productRef = DFB3D40C542474608A48F2A0 /* HitSlopRuntime */; };
		55C6D9FAB7F5735305B6FECC /* hitSlopApp.swift in Sources */ = {isa = PBXBuildFile; fileRef = 75719DC5D67261F7EA46EC82 /* hitSlopApp.swift */; };
		64E30A32DC9F12DA8E8DB6E9 /* hitSlopApp.swift in Sources */ = {isa = PBXBuildFile; fileRef = 581CEEB49B3FCB2898E086F8 /* hitSlopApp.swift */; };
		7C84ACC32DEE5720E387AF18 /* HitSlopRegistry in Frameworks */ = {isa = PBXBuildFile; productRef = 27C19B5D676A65DA61C0E14C /* HitSlopRegistry */; };
		A7BA3F995003EF8564A72C2C /* Assets.xcassets in Resources */ = {isa = PBXBuildFile; fileRef = 3D7F4FFEA3E5F1F8855A530E /* Assets.xcassets */; };
		B890C72C6C42DAEF9CE89A89 /* HitSlopCore in Frameworks */ = {isa = PBXBuildFile; productRef = 39ACE8CB8475940A02C89F85 /* HitSlopCore */; };
		C21FAEA050B4277B93C9321B /* Assets.xcassets in Resources */ = {isa = PBXBuildFile; fileRef = 3D7F4FFEA3E5F1F8855A530E /* Assets.xcassets */; };
		D06DA365A1BAD746AA5643F6 /* Sparkle in Frameworks */ = {isa = PBXBuildFile; productRef = 91BD7843075E7E977199C386 /* Sparkle */; };
/* End PBXBuildFile section */

/* Begin PBXFileReference section */
		3D7F4FFEA3E5F1F8855A530E /* Assets.xcassets */ = {isa = PBXFileReference; lastKnownFileType = folder.assetcatalog; path = Assets.xcassets; sourceTree = "<group>"; };
		449DA033579B03D2469FBFB8 /* HitSlopApple */ = {isa = PBXFileReference; lastKnownFileType = folder; name = HitSlopApple; path = Packages/HitSlopApple; sourceTree = SOURCE_ROOT; };
		581CEEB49B3FCB2898E086F8 /* hitSlopApp.swift */ = {isa = PBXFileReference; lastKnownFileType = sourcecode.swift; path = hitSlopApp.swift; sourceTree = "<group>"; };
		6DF839B510740E924F7BB7F7 /* hitSlop-iOS.app */ = {isa = PBXFileReference; includeInIndex = 0; lastKnownFileType = wrapper.application; path = "hitSlop-iOS.app"; sourceTree = BUILT_PRODUCTS_DIR; };
		75719DC5D67261F7EA46EC82 /* hitSlopApp.swift */ = {isa = PBXFileReference; lastKnownFileType = sourcecode.swift; path = hitSlopApp.swift; sourceTree = "<group>"; };
		8F3E8ABA833EC14B3909EFD3 /* hitSlop-macOS.app */ = {isa = PBXFileReference; explicitFileType = wrapper.application; includeInIndex = 0; path = "hitSlop-macOS.app"; sourceTree = BUILT_PRODUCTS_DIR; };
/* End PBXFileReference section */

/* Begin PBXFrameworksBuildPhase section */
		1DA3D296F3B487247A81E12C /* Frameworks */ = {
			isa = PBXFrameworksBuildPhase;
			buildActionMask = 2147483647;
			files = (
				0253D4ECB6F151B1F9332ADA /* HitSlopHost in Frameworks */,
				05E731AEF1C06E492D5D7D18 /* HitSlopCatalog in Frameworks */,
				3F91EC9FC8A44F9B3E911B79 /* HitSlopRuntime in Frameworks */,
				B890C72C6C42DAEF9CE89A89 /* HitSlopCore in Frameworks */,
				D06DA365A1BAD746AA5643F6 /* Sparkle in Frameworks */,
			);
			runOnlyForDeploymentPostprocessing = 0;
		};
		BFD17B19B5270D1E4178806C /* Frameworks */ = {
			isa = PBXFrameworksBuildPhase;
			buildActionMask = 2147483647;
			files = (
				3100D7B7E3D59CF3DA13D845 /* HitSlopCore in Frameworks */,
				0B3F815DB54B804FE2ABE529 /* HitSlopRuntime in Frameworks */,
				7C84ACC32DEE5720E387AF18 /* HitSlopRegistry in Frameworks */,
			);
			runOnlyForDeploymentPostprocessing = 0;
		};
/* End PBXFrameworksBuildPhase section */

/* Begin PBXGroup section */
		2F0408A89AF66205098F0A8F /* App */ = {
			isa = PBXGroup;
			children = (
				8EAC687FFBD6812EEDF3F530 /* iOS */,
				9AAFE75F36C080EB5AF3DEF6 /* macOS */,
				63226558593359D0D8853B44 /* Shared */,
			);
			path = App;
			sourceTree = "<group>";
		};
		428362E0B1DAB62483A27C3C /* Products */ = {
			isa = PBXGroup;
			children = (
				6DF839B510740E924F7BB7F7 /* hitSlop-iOS.app */,
				8F3E8ABA833EC14B3909EFD3 /* hitSlop-macOS.app */,
			);
			name = Products;
			sourceTree = "<group>";
		};
		63226558593359D0D8853B44 /* Shared */ = {
			isa = PBXGroup;
			children = (
				3D7F4FFEA3E5F1F8855A530E /* Assets.xcassets */,
			);
			path = Shared;
			sourceTree = "<group>";
		};
		65C6E29BCD2C40928D9069FD /* Packages */ = {
			isa = PBXGroup;
			children = (
				449DA033579B03D2469FBFB8 /* HitSlopApple */,
			);
			path = Packages;
			sourceTree = "<group>";
		};
		7C1AC2CC0C0F6FC94C88DC6B = {
			isa = PBXGroup;
			children = (
				2F0408A89AF66205098F0A8F /* App */,
				65C6E29BCD2C40928D9069FD /* Packages */,
				428362E0B1DAB62483A27C3C /* Products */,
			);
			sourceTree = "<group>";
		};
		8EAC687FFBD6812EEDF3F530 /* iOS */ = {
			isa = PBXGroup;
			children = (
				581CEEB49B3FCB2898E086F8 /* hitSlopApp.swift */,
			);
			path = iOS;
			sourceTree = "<group>";
		};
		9AAFE75F36C080EB5AF3DEF6 /* macOS */ = {
			isa = PBXGroup;
			children = (
				75719DC5D67261F7EA46EC82 /* hitSlopApp.swift */,
			);
			path = macOS;
			sourceTree = "<group>";
		};
/* End PBXGroup section */

/* Begin PBXNativeTarget section */
		086D8F56CA1119F1ACF3A8CD /* hitSlop-iOS */ = {
			isa = PBXNativeTarget;
			buildConfigurationList = F3C43540E627E5B36EF7CD91 /* Build configuration list for PBXNativeTarget "hitSlop-iOS" */;
			buildPhases = (
				A9B25CEBD1BA5CB463E05D5B /* Sources */,
				D223C6B58DC11A60082566E9 /* Resources */,
				BFD17B19B5270D1E4178806C /* Frameworks */,
			);
			buildRules = (
			);
			dependencies = (
			);
			name = "hitSlop-iOS";
			packageProductDependencies = (
				65BB990F9591043453C7B220 /* HitSlopCore */,
				187A94C4DB35D5420C579E3E /* HitSlopRuntime */,
				27C19B5D676A65DA61C0E14C /* HitSlopRegistry */,
			);
			productName = "hitSlop-iOS";
			productReference = 6DF839B510740E924F7BB7F7 /* hitSlop-iOS.app */;
			productType = "com.apple.product-type.application";
		};
		3DAFFFD4DF6024749065F8C4 /* hitSlop-macOS */ = {
			isa = PBXNativeTarget;
			buildConfigurationList = 061408E3075D9AC11E06812C /* Build configuration list for PBXNativeTarget "hitSlop-macOS" */;
			buildPhases = (
				B41ABABB846BE1E8CEEC8CC3 /* Sources */,
				2DB7E9D05D6BE55DAEF42F9D /* Embed hitslop-native */,
				BD8949865138D172D8661AFF /* Resources */,
				1DA3D296F3B487247A81E12C /* Frameworks */,
			);
			buildRules = (
			);
			dependencies = (
			);
			name = "hitSlop-macOS";
			packageProductDependencies = (
				DB39551676CB8EC1F9FB75DC /* HitSlopHost */,
				F47B3662C054655C373D2A3F /* HitSlopCatalog */,
				DFB3D40C542474608A48F2A0 /* HitSlopRuntime */,
				39ACE8CB8475940A02C89F85 /* HitSlopCore */,
				91BD7843075E7E977199C386 /* Sparkle */,
			);
			productName = "hitSlop-macOS";
			productReference = 8F3E8ABA833EC14B3909EFD3 /* hitSlop-macOS.app */;
			productType = "com.apple.product-type.application";
		};
/* End PBXNativeTarget section */

/* Begin PBXProject section */
		CDECF904C55C706C56EAFBA5 /* Project object */ = {
			isa = PBXProject;
			attributes = {
				BuildIndependentTargetsInParallel = YES;
				LastUpgradeCheck = 1430;
				TargetAttributes = {
					086D8F56CA1119F1ACF3A8CD = {
						DevelopmentTeam = 78UAXU8QG8;
						ProvisioningStyle = Automatic;
					};
					3DAFFFD4DF6024749065F8C4 = {
						DevelopmentTeam = 78UAXU8QG8;
						ProvisioningStyle = Automatic;
					};
				};
			};
			buildConfigurationList = B3E732B362FDAA62F5965483 /* Build configuration list for PBXProject "hitSlop" */;
			compatibilityVersion = "Xcode 14.0";
			developmentRegion = en;
			hasScannedForEncodings = 0;
			knownRegions = (
				Base,
				en,
			);
			mainGroup = 7C1AC2CC0C0F6FC94C88DC6B;
			minimizedProjectReferenceProxies = 1;
			packageReferences = (
				CF81B28B9F27185DF17FFF08 /* XCRemoteSwiftPackageReference "Sparkle" */,
				6804E1A420C71421C5F79FE5 /* XCLocalSwiftPackageReference "Packages/HitSlopApple" */,
			);
			preferredProjectObjectVersion = 54;
			projectDirPath = "";
			projectRoot = "";
			targets = (
				086D8F56CA1119F1ACF3A8CD /* hitSlop-iOS */,
				3DAFFFD4DF6024749065F8C4 /* hitSlop-macOS */,
			);
		};
/* End PBXProject section */

/* Begin PBXResourcesBuildPhase section */
		BD8949865138D172D8661AFF /* Resources */ = {
			isa = PBXResourcesBuildPhase;
			buildActionMask = 2147483647;
			files = (
				A7BA3F995003EF8564A72C2C /* Assets.xcassets in Resources */,
			);
			runOnlyForDeploymentPostprocessing = 0;
		};
		D223C6B58DC11A60082566E9 /* Resources */ = {
			isa = PBXResourcesBuildPhase;
			buildActionMask = 2147483647;
			files = (
				C21FAEA050B4277B93C9321B /* Assets.xcassets in Resources */,
			);
			runOnlyForDeploymentPostprocessing = 0;
		};
/* End PBXResourcesBuildPhase section */

/* Begin PBXShellScriptBuildPhase section */
		2DB7E9D05D6BE55DAEF42F9D /* Embed hitslop-native */ = {
			isa = PBXShellScriptBuildPhase;
			alwaysOutOfDate = 1;
			buildActionMask = 2147483647;
			files = (
			);
			inputFileListPaths = (
			);
			inputPaths = (
			);
			name = "Embed hitslop-native";
			outputFileListPaths = (
			);
			outputPaths = (
			);
			runOnlyForDeploymentPostprocessing = 0;
			shellPath = /bin/sh;
			shellScript = "set -euo pipefail\ncase \"${CONFIGURATION:-}\" in\n  Release) ;;\n  *) exit 0 ;;\nesac\nexport HITSLOP_NATIVE_ARCHS=\"${ARCHS:-}\"\n\"${SRCROOT}/../../scripts/embed-hitslop-native.sh\" \"${TARGET_BUILD_DIR}/${WRAPPER_NAME}\"\n";
		};
/* End PBXShellScriptBuildPhase section */

/* Begin PBXSourcesBuildPhase section */
		A9B25CEBD1BA5CB463E05D5B /* Sources */ = {
			isa = PBXSourcesBuildPhase;
			buildActionMask = 2147483647;
			files = (
				64E30A32DC9F12DA8E8DB6E9 /* hitSlopApp.swift in Sources */,
			);
			runOnlyForDeploymentPostprocessing = 0;
		};
		B41ABABB846BE1E8CEEC8CC3 /* Sources */ = {
			isa = PBXSourcesBuildPhase;
			buildActionMask = 2147483647;
			files = (
				55C6D9FAB7F5735305B6FECC /* hitSlopApp.swift in Sources */,
			);
			runOnlyForDeploymentPostprocessing = 0;
		};
/* End PBXSourcesBuildPhase section */

/* Begin XCBuildConfiguration section */
		0172489AC57241C1FFE30A08 /* Release */ = {
			isa = XCBuildConfiguration;
			buildSettings = {
				ALWAYS_SEARCH_USER_PATHS = NO;
				CLANG_ANALYZER_NONNULL = YES;
				CLANG_ANALYZER_NUMBER_OBJECT_CONVERSION = YES_AGGRESSIVE;
				CLANG_CXX_LANGUAGE_STANDARD = "gnu++14";
				CLANG_CXX_LIBRARY = "libc++";
				CLANG_ENABLE_MODULES = YES;
				CLANG_ENABLE_OBJC_ARC = YES;
				CLANG_ENABLE_OBJC_WEAK = YES;
				CLANG_WARN_BLOCK_CAPTURE_AUTORELEASING = YES;
				CLANG_WARN_BOOL_CONVERSION = YES;
				CLANG_WARN_COMMA = YES;
				CLANG_WARN_CONSTANT_CONVERSION = YES;
				CLANG_WARN_DEPRECATED_OBJC_IMPLEMENTATIONS = YES;
				CLANG_WARN_DIRECT_OBJC_ISA_USAGE = YES_ERROR;
				CLANG_WARN_DOCUMENTATION_COMMENTS = YES;
				CLANG_WARN_EMPTY_BODY = YES;
				CLANG_WARN_ENUM_CONVERSION = YES;
				CLANG_WARN_INFINITE_RECURSION = YES;
				CLANG_WARN_INT_CONVERSION = YES;
				CLANG_WARN_NON_LITERAL_NULL_CONVERSION = YES;
				CLANG_WARN_OBJC_IMPLICIT_RETAIN_SELF = YES;
				CLANG_WARN_OBJC_LITERAL_CONVERSION = YES;
				CLANG_WARN_OBJC_ROOT_CLASS = YES_ERROR;
				CLANG_WARN_QUOTED_INCLUDE_IN_FRAMEWORK_HEADER = YES;
				CLANG_WARN_RANGE_LOOP_ANALYSIS = YES;
				CLANG_WARN_STRICT_PROTOTYPES = YES;
				CLANG_WARN_SUSPICIOUS_MOVE = YES;
				CLANG_WARN_UNGUARDED_AVAILABILITY = YES_AGGRESSIVE;
				CLANG_WARN_UNREACHABLE_CODE = YES;
				CLANG_WARN__DUPLICATE_METHOD_MATCH = YES;
				CODE_SIGN_STYLE = Automatic;
				COPY_PHASE_STRIP = NO;
				DEBUG_INFORMATION_FORMAT = "dwarf-with-dsym";
				DEVELOPMENT_TEAM = 78UAXU8QG8;
				ENABLE_NS_ASSERTIONS = NO;
				ENABLE_STRICT_OBJC_MSGSEND = YES;
				GCC_C_LANGUAGE_STANDARD = gnu11;
				GCC_NO_COMMON_BLOCKS = YES;
				GCC_WARN_64_TO_32_BIT_CONVERSION = YES;
				GCC_WARN_ABOUT_RETURN_TYPE = YES_ERROR;
				GCC_WARN_UNDECLARED_SELECTOR = YES;
				GCC_WARN_UNINITIALIZED_AUTOS = YES_AGGRESSIVE;
				GCC_WARN_UNUSED_FUNCTION = YES;
				GCC_WARN_UNUSED_VARIABLE = YES;
				IPHONEOS_DEPLOYMENT_TARGET = 17.0;
				MACOSX_DEPLOYMENT_TARGET = 14.0;
				MTL_ENABLE_DEBUG_INFO = NO;
				MTL_FAST_MATH = YES;
				PRODUCT_NAME = "$(TARGET_NAME)";
				SWIFT_COMPILATION_MODE = wholemodule;
				SWIFT_OPTIMIZATION_LEVEL = "-O";
				SWIFT_STRICT_CONCURRENCY = minimal;
				SWIFT_VERSION = 6.0;
			};
			name = Release;
		};
		1AA4B1DECD04BBA94190330E /* Debug */ = {
			isa = XCBuildConfiguration;
			buildSettings = {
				ASSETCATALOG_COMPILER_APPICON_NAME = AppIcon;
				CODE_SIGN_ENTITLEMENTS = App/Shared/hitSlop.entitlements;
				CODE_SIGN_IDENTITY = "iPhone Developer";
				CURRENT_PROJECT_VERSION = 1;
				"EXCLUDED_ARCHS[sdk=iphonesimulator*]" = x86_64;
				HITSLOP_CATALOG_URL = "https://hitslop.app";
				HITSLOP_CONVEX_URL = "https://fastidious-malamute-777.convex.cloud";
				INFOPLIST_FILE = App/iOS/Info.plist;
				IPHONEOS_DEPLOYMENT_TARGET = 17.0;
				LD_RUNPATH_SEARCH_PATHS = (
					"$(inherited)",
					"@executable_path/Frameworks",
				);
				MARKETING_VERSION = 0.1.0;
				PRODUCT_BUNDLE_IDENTIFIER = com.hitslop.ios;
				PRODUCT_NAME = hitSlop;
				SDKROOT = iphoneos;
				SUPPORTS_MAC_DESIGNED_FOR_IPHONE_IPAD = NO;
				TARGETED_DEVICE_FAMILY = "1,2";
			};
			name = Debug;
		};
		984B2A6DA13F5BD0710E5788 /* Release */ = {
			isa = XCBuildConfiguration;
			buildSettings = {
				ASSETCATALOG_COMPILER_APPICON_NAME = AppIcon;
				CODE_SIGN_ENTITLEMENTS = App/Shared/hitSlop.entitlements;
				CODE_SIGN_IDENTITY = "iPhone Developer";
				CURRENT_PROJECT_VERSION = 1;
				"EXCLUDED_ARCHS[sdk=iphonesimulator*]" = x86_64;
				HITSLOP_CATALOG_URL = "https://hitslop.app";
				HITSLOP_CONVEX_URL = "https://fastidious-malamute-777.convex.cloud";
				INFOPLIST_FILE = App/iOS/Info.plist;
				IPHONEOS_DEPLOYMENT_TARGET = 17.0;
				LD_RUNPATH_SEARCH_PATHS = (
					"$(inherited)",
					"@executable_path/Frameworks",
				);
				MARKETING_VERSION = 0.1.0;
				PRODUCT_BUNDLE_IDENTIFIER = com.hitslop.ios;
				PRODUCT_NAME = hitSlop;
				SDKROOT = iphoneos;
				SUPPORTS_MAC_DESIGNED_FOR_IPHONE_IPAD = NO;
				TARGETED_DEVICE_FAMILY = "1,2";
			};
			name = Release;
		};
		BDD0280047D9385AD7F95B39 /* Release */ = {
			isa = XCBuildConfiguration;
			buildSettings = {
				ASSETCATALOG_COMPILER_APPICON_NAME = AppIcon;
				CODE_SIGN_ENTITLEMENTS = App/Shared/hitSlop.entitlements;
				COMBINE_HIDPI_IMAGES = YES;
				CURRENT_PROJECT_VERSION = 18;
				ENABLE_HARDENED_RUNTIME = YES;
				HITSLOP_CATALOG_URL = "https://hitslop.app";
				HITSLOP_CONVEX_URL = "https://fastidious-malamute-777.convex.cloud";
				INFOPLIST_FILE = App/macOS/Info.plist;
				LD_RUNPATH_SEARCH_PATHS = (
					"$(inherited)",
					"@executable_path/../Frameworks",
				);
				MACOSX_DEPLOYMENT_TARGET = 14.0;
				MARKETING_VERSION = 1.0.0;
				PRODUCT_BUNDLE_IDENTIFIER = com.hitslop.app;
				PRODUCT_NAME = hitSlop;
				SDKROOT = macosx;
				SKIP_INSTALL = NO;
			};
			name = Release;
		};
		C720126EA1EEF4892A8FF248 /* Debug */ = {
			isa = XCBuildConfiguration;
			buildSettings = {
				ALWAYS_SEARCH_USER_PATHS = NO;
				CLANG_ANALYZER_NONNULL = YES;
				CLANG_ANALYZER_NUMBER_OBJECT_CONVERSION = YES_AGGRESSIVE;
				CLANG_CXX_LANGUAGE_STANDARD = "gnu++14";
				CLANG_CXX_LIBRARY = "libc++";
				CLANG_ENABLE_MODULES = YES;
				CLANG_ENABLE_OBJC_ARC = YES;
				CLANG_ENABLE_OBJC_WEAK = YES;
				CLANG_WARN_BLOCK_CAPTURE_AUTORELEASING = YES;
				CLANG_WARN_BOOL_CONVERSION = YES;
				CLANG_WARN_COMMA = YES;
				CLANG_WARN_CONSTANT_CONVERSION = YES;
				CLANG_WARN_DEPRECATED_OBJC_IMPLEMENTATIONS = YES;
				CLANG_WARN_DIRECT_OBJC_ISA_USAGE = YES_ERROR;
				CLANG_WARN_DOCUMENTATION_COMMENTS = YES;
				CLANG_WARN_EMPTY_BODY = YES;
				CLANG_WARN_ENUM_CONVERSION = YES;
				CLANG_WARN_INFINITE_RECURSION = YES;
				CLANG_WARN_INT_CONVERSION = YES;
				CLANG_WARN_NON_LITERAL_NULL_CONVERSION = YES;
				CLANG_WARN_OBJC_IMPLICIT_RETAIN_SELF = YES;
				CLANG_WARN_OBJC_LITERAL_CONVERSION = YES;
				CLANG_WARN_OBJC_ROOT_CLASS = YES_ERROR;
				CLANG_WARN_QUOTED_INCLUDE_IN_FRAMEWORK_HEADER = YES;
				CLANG_WARN_RANGE_LOOP_ANALYSIS = YES;
				CLANG_WARN_STRICT_PROTOTYPES = YES;
				CLANG_WARN_SUSPICIOUS_MOVE = YES;
				CLANG_WARN_UNGUARDED_AVAILABILITY = YES_AGGRESSIVE;
				CLANG_WARN_UNREACHABLE_CODE = YES;
				CLANG_WARN__DUPLICATE_METHOD_MATCH = YES;
				CODE_SIGN_STYLE = Automatic;
				COPY_PHASE_STRIP = NO;
				DEBUG_INFORMATION_FORMAT = dwarf;
				DEVELOPMENT_TEAM = 78UAXU8QG8;
				ENABLE_STRICT_OBJC_MSGSEND = YES;
				ENABLE_TESTABILITY = YES;
				GCC_C_LANGUAGE_STANDARD = gnu11;
				GCC_DYNAMIC_NO_PIC = NO;
				GCC_NO_COMMON_BLOCKS = YES;
				GCC_OPTIMIZATION_LEVEL = 0;
				GCC_PREPROCESSOR_DEFINITIONS = (
					"$(inherited)",
					"DEBUG=1",
				);
				GCC_WARN_64_TO_32_BIT_CONVERSION = YES;
				GCC_WARN_ABOUT_RETURN_TYPE = YES_ERROR;
				GCC_WARN_UNDECLARED_SELECTOR = YES;
				GCC_WARN_UNINITIALIZED_AUTOS = YES_AGGRESSIVE;
				GCC_WARN_UNUSED_FUNCTION = YES;
				GCC_WARN_UNUSED_VARIABLE = YES;
				IPHONEOS_DEPLOYMENT_TARGET = 17.0;
				MACOSX_DEPLOYMENT_TARGET = 14.0;
				MTL_ENABLE_DEBUG_INFO = INCLUDE_SOURCE;
				MTL_FAST_MATH = YES;
				ONLY_ACTIVE_ARCH = YES;
				PRODUCT_NAME = "$(TARGET_NAME)";
				SWIFT_ACTIVE_COMPILATION_CONDITIONS = DEBUG;
				SWIFT_OPTIMIZATION_LEVEL = "-Onone";
				SWIFT_STRICT_CONCURRENCY = minimal;
				SWIFT_VERSION = 6.0;
			};
			name = Debug;
		};
		F88BD24407884684C0C409C5 /* Debug */ = {
			isa = XCBuildConfiguration;
			buildSettings = {
				ASSETCATALOG_COMPILER_APPICON_NAME = AppIcon;
				CODE_SIGN_ENTITLEMENTS = App/Shared/hitSlop.entitlements;
				COMBINE_HIDPI_IMAGES = YES;
				CURRENT_PROJECT_VERSION = 18;
				ENABLE_HARDENED_RUNTIME = YES;
				HITSLOP_CATALOG_URL = "http://localhost:3000";
				HITSLOP_CONVEX_URL = "https://giddy-opossum-593.convex.cloud";
				INFOPLIST_FILE = App/macOS/Info.plist;
				LD_RUNPATH_SEARCH_PATHS = (
					"$(inherited)",
					"@executable_path/../Frameworks",
				);
				MACOSX_DEPLOYMENT_TARGET = 14.0;
				MARKETING_VERSION = 1.0.0;
				PRODUCT_BUNDLE_IDENTIFIER = com.hitslop.app;
				PRODUCT_NAME = hitSlop;
				SDKROOT = macosx;
				SKIP_INSTALL = NO;
			};
			name = Debug;
		};
/* End XCBuildConfiguration section */

/* Begin XCConfigurationList section */
		061408E3075D9AC11E06812C /* Build configuration list for PBXNativeTarget "hitSlop-macOS" */ = {
			isa = XCConfigurationList;
			buildConfigurations = (
				F88BD24407884684C0C409C5 /* Debug */,
				BDD0280047D9385AD7F95B39 /* Release */,
			);
			defaultConfigurationIsVisible = 0;
			defaultConfigurationName = Debug;
		};
		B3E732B362FDAA62F5965483 /* Build configuration list for PBXProject "hitSlop" */ = {
			isa = XCConfigurationList;
			buildConfigurations = (
				C720126EA1EEF4892A8FF248 /* Debug */,
				0172489AC57241C1FFE30A08 /* Release */,
			);
			defaultConfigurationIsVisible = 0;
			defaultConfigurationName = Debug;
		};
		F3C43540E627E5B36EF7CD91 /* Build configuration list for PBXNativeTarget "hitSlop-iOS" */ = {
			isa = XCConfigurationList;
			buildConfigurations = (
				1AA4B1DECD04BBA94190330E /* Debug */,
				984B2A6DA13F5BD0710E5788 /* Release */,
			);
			defaultConfigurationIsVisible = 0;
			defaultConfigurationName = Debug;
		};
/* End XCConfigurationList section */

/* Begin XCLocalSwiftPackageReference section */
		6804E1A420C71421C5F79FE5 /* XCLocalSwiftPackageReference "Packages/HitSlopApple" */ = {
			isa = XCLocalSwiftPackageReference;
			relativePath = Packages/HitSlopApple;
		};
/* End XCLocalSwiftPackageReference section */

/* Begin XCRemoteSwiftPackageReference section */
		CF81B28B9F27185DF17FFF08 /* XCRemoteSwiftPackageReference "Sparkle" */ = {
			isa = XCRemoteSwiftPackageReference;
			repositoryURL = "https://github.com/sparkle-project/Sparkle";
			requirement = {
				kind = upToNextMajorVersion;
				minimumVersion = 2.9.6;
			};
		};
/* End XCRemoteSwiftPackageReference section */

/* Begin XCSwiftPackageProductDependency section */
		187A94C4DB35D5420C579E3E /* HitSlopRuntime */ = {
			isa = XCSwiftPackageProductDependency;
			productName = HitSlopRuntime;
		};
		27C19B5D676A65DA61C0E14C /* HitSlopRegistry */ = {
			isa = XCSwiftPackageProductDependency;
			productName = HitSlopRegistry;
		};
		39ACE8CB8475940A02C89F85 /* HitSlopCore */ = {
			isa = XCSwiftPackageProductDependency;
			productName = HitSlopCore;
		};
		65BB990F9591043453C7B220 /* HitSlopCore */ = {
			isa = XCSwiftPackageProductDependency;
			productName = HitSlopCore;
		};
		91BD7843075E7E977199C386 /* Sparkle */ = {
			isa = XCSwiftPackageProductDependency;
			package = CF81B28B9F27185DF17FFF08 /* XCRemoteSwiftPackageReference "Sparkle" */;
			productName = Sparkle;
		};
		DB39551676CB8EC1F9FB75DC /* HitSlopHost */ = {
			isa = XCSwiftPackageProductDependency;
			productName = HitSlopHost;
		};
		DFB3D40C542474608A48F2A0 /* HitSlopRuntime */ = {
			isa = XCSwiftPackageProductDependency;
			productName = HitSlopRuntime;
		};
		F47B3662C054655C373D2A3F /* HitSlopCatalog */ = {
			isa = XCSwiftPackageProductDependency;
			productName = HitSlopCatalog;
		};
/* End XCSwiftPackageProductDependency section */
	};
	rootObject = CDECF904C55C706C56EAFBA5 /* Project object */;
}
