// !$*UTF8*$!
{
	archiveVersion = 1;
	classes = {
	};
	objectVersion = 54;
	objects = {

/* Begin PBXBuildFile section */
		0739D25213DACB388726A1B1 /* HitSlopCore in Frameworks */ = {isa = PBXBuildFile; productRef = EB4F34C1F7C64F22E5822C25 /* HitSlopCore */; };
		2A24C1D810541A515025BD62 /* SlopPreview.appex in Embed Foundation Extensions */ = {isa = PBXBuildFile; fileRef = 70FD6C6E4EEDB119405E6C46 /* SlopPreview.appex */; settings = {ATTRIBUTES = (RemoveHeadersOnCopy, ); }; };
		32EE242E2EEC85E9A9E285D0 /* Assets.xcassets in Resources */ = {isa = PBXBuildFile; fileRef = 45514551382EBB8BE80DFFDA /* Assets.xcassets */; };
		45B6339C70726C06D5A043D6 /* QuickLookThumbnailing.framework in Frameworks */ = {isa = PBXBuildFile; fileRef = E70D98FCCBC32C297F032C0C /* QuickLookThumbnailing.framework */; };
		61ECEFDCF237A1CAEA3D4B4D /* hitSlopApp.swift in Sources */ = {isa = PBXBuildFile; fileRef = 6B0CA44E4E2E034921904245 /* hitSlopApp.swift */; };
		66728B7CCEC29253103ADAA3 /* ThumbnailProvider.swift in Sources */ = {isa = PBXBuildFile; fileRef = 9CC2E1F30145A01C89AEDF3F /* ThumbnailProvider.swift */; };
		918BE9C69116FB75D12192B0 /* HitSlopCore in Frameworks */ = {isa = PBXBuildFile; productRef = F25D9DD69004F27CE2B11192 /* HitSlopCore */; };
		B0C2E605F273A41D157D8D50 /* PreviewProvider.swift in Sources */ = {isa = PBXBuildFile; fileRef = 23C4FDD1C78335E90B120379 /* PreviewProvider.swift */; };
		C31B84940F10F686ED551A5C /* QuickLookUI.framework in Frameworks */ = {isa = PBXBuildFile; fileRef = 3E45C88AAAC1ED873AE823A2 /* QuickLookUI.framework */; };
		CBB5F0BC5F9099472EC8686B /* SlopThumbnail.appex in Embed Foundation Extensions */ = {isa = PBXBuildFile; fileRef = 615323870AE3C5381D079520 /* SlopThumbnail.appex */; settings = {ATTRIBUTES = (RemoveHeadersOnCopy, ); }; };
		E297B6E53F2BD00E58FA74AD /* HitSlopHost in Frameworks */ = {isa = PBXBuildFile; productRef = 534C85A4F7ABB2028F8CFD43 /* HitSlopHost */; };
/* End PBXBuildFile section */

/* Begin PBXContainerItemProxy section */
		00047E1EEBC572BA7777A5B8 /* PBXContainerItemProxy */ = {
			isa = PBXContainerItemProxy;
			containerPortal = CDECF904C55C706C56EAFBA5 /* Project object */;
			proxyType = 1;
			remoteGlobalIDString = EAF02C3B50C441A0909AF6C9;
			remoteInfo = SlopPreview;
		};
		7597772D258D57C628A142D7 /* PBXContainerItemProxy */ = {
			isa = PBXContainerItemProxy;
			containerPortal = CDECF904C55C706C56EAFBA5 /* Project object */;
			proxyType = 1;
			remoteGlobalIDString = 5E091CFA67C4E0E3BD2620B1;
			remoteInfo = SlopThumbnail;
		};
/* End PBXContainerItemProxy section */

/* Begin PBXCopyFilesBuildPhase section */
		F9762D82A3822B37E1F97792 /* Embed Foundation Extensions */ = {
			isa = PBXCopyFilesBuildPhase;
			buildActionMask = 2147483647;
			dstPath = "";
			dstSubfolderSpec = 13;
			files = (
				2A24C1D810541A515025BD62 /* SlopPreview.appex in Embed Foundation Extensions */,
				CBB5F0BC5F9099472EC8686B /* SlopThumbnail.appex in Embed Foundation Extensions */,
			);
			name = "Embed Foundation Extensions";
			runOnlyForDeploymentPostprocessing = 0;
		};
/* End PBXCopyFilesBuildPhase section */

/* Begin PBXFileReference section */
		18B6C1B2B14650BC9B3D2CB7 /* hitSlop.entitlements */ = {isa = PBXFileReference; lastKnownFileType = text.plist.entitlements; path = hitSlop.entitlements; sourceTree = "<group>"; };
		23C4FDD1C78335E90B120379 /* PreviewProvider.swift */ = {isa = PBXFileReference; lastKnownFileType = sourcecode.swift; path = PreviewProvider.swift; sourceTree = "<group>"; };
		331443C041E6880082093736 /* App-Info.plist */ = {isa = PBXFileReference; lastKnownFileType = text.plist; path = "App-Info.plist"; sourceTree = "<group>"; };
		3E45C88AAAC1ED873AE823A2 /* QuickLookUI.framework */ = {isa = PBXFileReference; lastKnownFileType = wrapper.framework; name = QuickLookUI.framework; path = System/Library/Frameworks/QuickLookUI.framework; sourceTree = SDKROOT; };
		45514551382EBB8BE80DFFDA /* Assets.xcassets */ = {isa = PBXFileReference; lastKnownFileType = folder.assetcatalog; path = Assets.xcassets; sourceTree = "<group>"; };
		615323870AE3C5381D079520 /* SlopThumbnail.appex */ = {isa = PBXFileReference; explicitFileType = "wrapper.app-extension"; includeInIndex = 0; path = SlopThumbnail.appex; sourceTree = BUILT_PRODUCTS_DIR; };
		6B0CA44E4E2E034921904245 /* hitSlopApp.swift */ = {isa = PBXFileReference; lastKnownFileType = sourcecode.swift; path = hitSlopApp.swift; sourceTree = "<group>"; };
		70FD6C6E4EEDB119405E6C46 /* SlopPreview.appex */ = {isa = PBXFileReference; explicitFileType = "wrapper.app-extension"; includeInIndex = 0; path = SlopPreview.appex; sourceTree = BUILT_PRODUCTS_DIR; };
		8D47BB7DF24489694C60AF6E /* hitSlop.app */ = {isa = PBXFileReference; explicitFileType = wrapper.application; includeInIndex = 0; path = hitSlop.app; sourceTree = BUILT_PRODUCTS_DIR; };
		9CC2E1F30145A01C89AEDF3F /* ThumbnailProvider.swift */ = {isa = PBXFileReference; lastKnownFileType = sourcecode.swift; path = ThumbnailProvider.swift; sourceTree = "<group>"; };
		B72AB39C2953A03D3213C4FE /* Info.plist */ = {isa = PBXFileReference; lastKnownFileType = text.plist; path = Info.plist; sourceTree = "<group>"; };
		D40AB3B4FFE2593992364000 /* Info.plist */ = {isa = PBXFileReference; lastKnownFileType = text.plist; path = Info.plist; sourceTree = "<group>"; };
		DB3A8765442F88EF0FD2B9CA /* HitSlopCore */ = {isa = PBXFileReference; lastKnownFileType = folder; name = HitSlopCore; path = ../packages/HitSlopCore; sourceTree = SOURCE_ROOT; };
		E70D98FCCBC32C297F032C0C /* QuickLookThumbnailing.framework */ = {isa = PBXFileReference; lastKnownFileType = wrapper.framework; name = QuickLookThumbnailing.framework; path = System/Library/Frameworks/QuickLookThumbnailing.framework; sourceTree = SDKROOT; };
		FADF5296613A6F018C7DA6D4 /* HitSlopHost */ = {isa = PBXFileReference; lastKnownFileType = folder; name = HitSlopHost; path = ../packages/HitSlopHost; sourceTree = SOURCE_ROOT; };
/* End PBXFileReference section */

/* Begin PBXFrameworksBuildPhase section */
		2B4C339DE1B21D7191945EEA /* Frameworks */ = {
			isa = PBXFrameworksBuildPhase;
			buildActionMask = 2147483647;
			files = (
				E297B6E53F2BD00E58FA74AD /* HitSlopHost in Frameworks */,
			);
			runOnlyForDeploymentPostprocessing = 0;
		};
		362DBA5FC05A1829B9C23E68 /* Frameworks */ = {
			isa = PBXFrameworksBuildPhase;
			buildActionMask = 2147483647;
			files = (
				918BE9C69116FB75D12192B0 /* HitSlopCore in Frameworks */,
				C31B84940F10F686ED551A5C /* QuickLookUI.framework in Frameworks */,
			);
			runOnlyForDeploymentPostprocessing = 0;
		};
		39627449AC530C152AF1AAC0 /* Frameworks */ = {
			isa = PBXFrameworksBuildPhase;
			buildActionMask = 2147483647;
			files = (
				0739D25213DACB388726A1B1 /* HitSlopCore in Frameworks */,
				45B6339C70726C06D5A043D6 /* QuickLookThumbnailing.framework in Frameworks */,
			);
			runOnlyForDeploymentPostprocessing = 0;
		};
/* End PBXFrameworksBuildPhase section */

/* Begin PBXGroup section */
		428362E0B1DAB62483A27C3C /* Products */ = {
			isa = PBXGroup;
			children = (
				8D47BB7DF24489694C60AF6E /* hitSlop.app */,
				70FD6C6E4EEDB119405E6C46 /* SlopPreview.appex */,
				615323870AE3C5381D079520 /* SlopThumbnail.appex */,
			);
			name = Products;
			sourceTree = "<group>";
		};
		479A3E13C348A0D8E8E9BC91 /* Preview */ = {
			isa = PBXGroup;
			children = (
				B72AB39C2953A03D3213C4FE /* Info.plist */,
				23C4FDD1C78335E90B120379 /* PreviewProvider.swift */,
			);
			path = Preview;
			sourceTree = "<group>";
		};
		5ED0030AA9C2B4F675FC53B3 /* Extensions */ = {
			isa = PBXGroup;
			children = (
				479A3E13C348A0D8E8E9BC91 /* Preview */,
				99E0D8D146ECEF80024C83B6 /* Thumbnail */,
			);
			path = Extensions;
			sourceTree = "<group>";
		};
		65726652DA18E7B87446B01B /* hitSlop */ = {
			isa = PBXGroup;
			children = (
				331443C041E6880082093736 /* App-Info.plist */,
				45514551382EBB8BE80DFFDA /* Assets.xcassets */,
				18B6C1B2B14650BC9B3D2CB7 /* hitSlop.entitlements */,
				6B0CA44E4E2E034921904245 /* hitSlopApp.swift */,
			);
			path = hitSlop;
			sourceTree = "<group>";
		};
		65C6E29BCD2C40928D9069FD /* Packages */ = {
			isa = PBXGroup;
			children = (
				DB3A8765442F88EF0FD2B9CA /* HitSlopCore */,
				FADF5296613A6F018C7DA6D4 /* HitSlopHost */,
			);
			name = Packages;
			sourceTree = "<group>";
		};
		7A226D7E15549B7C29C4E9A6 /* Frameworks */ = {
			isa = PBXGroup;
			children = (
				E70D98FCCBC32C297F032C0C /* QuickLookThumbnailing.framework */,
				3E45C88AAAC1ED873AE823A2 /* QuickLookUI.framework */,
			);
			name = Frameworks;
			sourceTree = "<group>";
		};
		7C1AC2CC0C0F6FC94C88DC6B = {
			isa = PBXGroup;
			children = (
				5ED0030AA9C2B4F675FC53B3 /* Extensions */,
				65726652DA18E7B87446B01B /* hitSlop */,
				65C6E29BCD2C40928D9069FD /* Packages */,
				7A226D7E15549B7C29C4E9A6 /* Frameworks */,
				428362E0B1DAB62483A27C3C /* Products */,
			);
			sourceTree = "<group>";
		};
		99E0D8D146ECEF80024C83B6 /* Thumbnail */ = {
			isa = PBXGroup;
			children = (
				D40AB3B4FFE2593992364000 /* Info.plist */,
				9CC2E1F30145A01C89AEDF3F /* ThumbnailProvider.swift */,
			);
			path = Thumbnail;
			sourceTree = "<group>";
		};
/* End PBXGroup section */

/* Begin PBXNativeTarget section */
		5E091CFA67C4E0E3BD2620B1 /* SlopThumbnail */ = {
			isa = PBXNativeTarget;
			buildConfigurationList = 7A8CB778422498D6AE463956 /* Build configuration list for PBXNativeTarget "SlopThumbnail" */;
			buildPhases = (
				C753370C7C027846770F0CAD /* Sources */,
				39627449AC530C152AF1AAC0 /* Frameworks */,
			);
			buildRules = (
			);
			dependencies = (
			);
			name = SlopThumbnail;
			packageProductDependencies = (
				EB4F34C1F7C64F22E5822C25 /* HitSlopCore */,
			);
			productName = SlopThumbnail;
			productReference = 615323870AE3C5381D079520 /* SlopThumbnail.appex */;
			productType = "com.apple.product-type.app-extension";
		};
		9FB57B1DA239579A873B6317 /* hitSlop */ = {
			isa = PBXNativeTarget;
			buildConfigurationList = 8FA240F08F07FDE8EF08576D /* Build configuration list for PBXNativeTarget "hitSlop" */;
			buildPhases = (
				9EA05FF41715F3E67CF9F844 /* Sources */,
				788415ECFE9DC2C547277E1A /* Resources */,
				2B4C339DE1B21D7191945EEA /* Frameworks */,
				F9762D82A3822B37E1F97792 /* Embed Foundation Extensions */,
			);
			buildRules = (
			);
			dependencies = (
				63493B938FBFF3EDE8311FDB /* PBXTargetDependency */,
				33B849D1D9999585C06C6FB5 /* PBXTargetDependency */,
			);
			name = hitSlop;
			packageProductDependencies = (
				534C85A4F7ABB2028F8CFD43 /* HitSlopHost */,
			);
			productName = hitSlop;
			productReference = 8D47BB7DF24489694C60AF6E /* hitSlop.app */;
			productType = "com.apple.product-type.application";
		};
		EAF02C3B50C441A0909AF6C9 /* SlopPreview */ = {
			isa = PBXNativeTarget;
			buildConfigurationList = 98BE2D462A13B3EDCF0F1716 /* Build configuration list for PBXNativeTarget "SlopPreview" */;
			buildPhases = (
				93D8CF8C1C242072310F0112 /* Sources */,
				362DBA5FC05A1829B9C23E68 /* Frameworks */,
			);
			buildRules = (
			);
			dependencies = (
			);
			name = SlopPreview;
			packageProductDependencies = (
				F25D9DD69004F27CE2B11192 /* HitSlopCore */,
			);
			productName = SlopPreview;
			productReference = 70FD6C6E4EEDB119405E6C46 /* SlopPreview.appex */;
			productType = "com.apple.product-type.app-extension";
		};
/* End PBXNativeTarget section */

/* Begin PBXProject section */
		CDECF904C55C706C56EAFBA5 /* Project object */ = {
			isa = PBXProject;
			attributes = {
				BuildIndependentTargetsInParallel = YES;
				LastUpgradeCheck = 1430;
				TargetAttributes = {
					5E091CFA67C4E0E3BD2620B1 = {
						DevelopmentTeam = 78UAXU8QG8;
						ProvisioningStyle = Automatic;
					};
					9FB57B1DA239579A873B6317 = {
						DevelopmentTeam = 78UAXU8QG8;
						ProvisioningStyle = Automatic;
					};
					EAF02C3B50C441A0909AF6C9 = {
						DevelopmentTeam = 78UAXU8QG8;
						ProvisioningStyle = Automatic;
					};
				};
			};
			buildConfigurationList = B3E732B362FDAA62F5965483 /* Build configuration list for PBXProject "hitSlop" */;
			compatibilityVersion = "Xcode 14.0";
			developmentRegion = en;
			hasScannedForEncodings = 0;
			knownRegions = (
				Base,
				en,
			);
			mainGroup = 7C1AC2CC0C0F6FC94C88DC6B;
			minimizedProjectReferenceProxies = 1;
			packageReferences = (
				0309D4433438012202CF75A3 /* XCLocalSwiftPackageReference "../packages/HitSlopCore" */,
				D52975DAE24A8785AA0A70A4 /* XCLocalSwiftPackageReference "../packages/HitSlopHost" */,
			);
			preferredProjectObjectVersion = 54;
			projectDirPath = "";
			projectRoot = "";
			targets = (
				EAF02C3B50C441A0909AF6C9 /* SlopPreview */,
				5E091CFA67C4E0E3BD2620B1 /* SlopThumbnail */,
				9FB57B1DA239579A873B6317 /* hitSlop */,
			);
		};
/* End PBXProject section */

/* Begin PBXResourcesBuildPhase section */
		788415ECFE9DC2C547277E1A /* Resources */ = {
			isa = PBXResourcesBuildPhase;
			buildActionMask = 2147483647;
			files = (
				32EE242E2EEC85E9A9E285D0 /* Assets.xcassets in Resources */,
			);
			runOnlyForDeploymentPostprocessing = 0;
		};
/* End PBXResourcesBuildPhase section */

/* Begin PBXSourcesBuildPhase section */
		93D8CF8C1C242072310F0112 /* Sources */ = {
			isa = PBXSourcesBuildPhase;
			buildActionMask = 2147483647;
			files = (
				B0C2E605F273A41D157D8D50 /* PreviewProvider.swift in Sources */,
			);
			runOnlyForDeploymentPostprocessing = 0;
		};
		9EA05FF41715F3E67CF9F844 /* Sources */ = {
			isa = PBXSourcesBuildPhase;
			buildActionMask = 2147483647;
			files = (
				61ECEFDCF237A1CAEA3D4B4D /* hitSlopApp.swift in Sources */,
			);
			runOnlyForDeploymentPostprocessing = 0;
		};
		C753370C7C027846770F0CAD /* Sources */ = {
			isa = PBXSourcesBuildPhase;
			buildActionMask = 2147483647;
			files = (
				66728B7CCEC29253103ADAA3 /* ThumbnailProvider.swift in Sources */,
			);
			runOnlyForDeploymentPostprocessing = 0;
		};
/* End PBXSourcesBuildPhase section */

/* Begin PBXTargetDependency section */
		33B849D1D9999585C06C6FB5 /* PBXTargetDependency */ = {
			isa = PBXTargetDependency;
			target = 5E091CFA67C4E0E3BD2620B1 /* SlopThumbnail */;
			targetProxy = 7597772D258D57C628A142D7 /* PBXContainerItemProxy */;
		};
		63493B938FBFF3EDE8311FDB /* PBXTargetDependency */ = {
			isa = PBXTargetDependency;
			target = EAF02C3B50C441A0909AF6C9 /* SlopPreview */;
			targetProxy = 00047E1EEBC572BA7777A5B8 /* PBXContainerItemProxy */;
		};
/* End PBXTargetDependency section */

/* Begin XCBuildConfiguration section */
		0172489AC57241C1FFE30A08 /* Release */ = {
			isa = XCBuildConfiguration;
			buildSettings = {
				ALWAYS_SEARCH_USER_PATHS = NO;
				CLANG_ANALYZER_NONNULL = YES;
				CLANG_ANALYZER_NUMBER_OBJECT_CONVERSION = YES_AGGRESSIVE;
				CLANG_CXX_LANGUAGE_STANDARD = "gnu++14";
				CLANG_CXX_LIBRARY = "libc++";
				CLANG_ENABLE_MODULES = YES;
				CLANG_ENABLE_OBJC_ARC = YES;
				CLANG_ENABLE_OBJC_WEAK = YES;
				CLANG_WARN_BLOCK_CAPTURE_AUTORELEASING = YES;
				CLANG_WARN_BOOL_CONVERSION = YES;
				CLANG_WARN_COMMA = YES;
				CLANG_WARN_CONSTANT_CONVERSION = YES;
				CLANG_WARN_DEPRECATED_OBJC_IMPLEMENTATIONS = YES;
				CLANG_WARN_DIRECT_OBJC_ISA_USAGE = YES_ERROR;
				CLANG_WARN_DOCUMENTATION_COMMENTS = YES;
				CLANG_WARN_EMPTY_BODY = YES;
				CLANG_WARN_ENUM_CONVERSION = YES;
				CLANG_WARN_INFINITE_RECURSION = YES;
				CLANG_WARN_INT_CONVERSION = YES;
				CLANG_WARN_NON_LITERAL_NULL_CONVERSION = YES;
				CLANG_WARN_OBJC_IMPLICIT_RETAIN_SELF = YES;
				CLANG_WARN_OBJC_LITERAL_CONVERSION = YES;
				CLANG_WARN_OBJC_ROOT_CLASS = YES_ERROR;
				CLANG_WARN_QUOTED_INCLUDE_IN_FRAMEWORK_HEADER = YES;
				CLANG_WARN_RANGE_LOOP_ANALYSIS = YES;
				CLANG_WARN_STRICT_PROTOTYPES = YES;
				CLANG_WARN_SUSPICIOUS_MOVE = YES;
				CLANG_WARN_UNGUARDED_AVAILABILITY = YES_AGGRESSIVE;
				CLANG_WARN_UNREACHABLE_CODE = YES;
				CLANG_WARN__DUPLICATE_METHOD_MATCH = YES;
				CODE_SIGN_STYLE = Automatic;
				COPY_PHASE_STRIP = NO;
				CURRENT_PROJECT_VERSION = 12;
				DEBUG_INFORMATION_FORMAT = "dwarf-with-dsym";
				DEVELOPMENT_TEAM = 78UAXU8QG8;
				ENABLE_NS_ASSERTIONS = NO;
				ENABLE_STRICT_OBJC_MSGSEND = YES;
				GCC_C_LANGUAGE_STANDARD = gnu11;
				GCC_NO_COMMON_BLOCKS = YES;
				GCC_WARN_64_TO_32_BIT_CONVERSION = YES;
				GCC_WARN_ABOUT_RETURN_TYPE = YES_ERROR;
				GCC_WARN_UNDECLARED_SELECTOR = YES;
				GCC_WARN_UNINITIALIZED_AUTOS = YES_AGGRESSIVE;
				GCC_WARN_UNUSED_FUNCTION = YES;
				GCC_WARN_UNUSED_VARIABLE = YES;
				MACOSX_DEPLOYMENT_TARGET = 14.0;
				MARKETING_VERSION = 1.0.0;
				MTL_ENABLE_DEBUG_INFO = NO;
				MTL_FAST_MATH = YES;
				PRODUCT_NAME = "$(TARGET_NAME)";
				SDKROOT = macosx;
				SWIFT_COMPILATION_MODE = wholemodule;
				SWIFT_OPTIMIZATION_LEVEL = "-O";
				SWIFT_STRICT_CONCURRENCY = minimal;
				SWIFT_VERSION = 6.0;
			};
			name = Release;
		};
		28C486950184DA4E014D7CC5 /* Release */ = {
			isa = XCBuildConfiguration;
			buildSettings = {
				CODE_SIGN_ENTITLEMENTS = Extensions/SlopExtension.entitlements;
				COMBINE_HIDPI_IMAGES = YES;
				ENABLE_DEBUG_DYLIB = NO;
				ENABLE_HARDENED_RUNTIME = YES;
				INFOPLIST_FILE = Extensions/Thumbnail/Info.plist;
				LD_RUNPATH_SEARCH_PATHS = (
					"$(inherited)",
					"@executable_path/../Frameworks",
					"@executable_path/../../../../Frameworks",
				);
				PRODUCT_BUNDLE_IDENTIFIER = com.hitslop.app.thumbnail;
				PRODUCT_NAME = SlopThumbnail;
				SDKROOT = macosx;
				SKIP_INSTALL = YES;
			};
			name = Release;
		};
		427C2B1E8368320F2677509A /* Debug */ = {
			isa = XCBuildConfiguration;
			buildSettings = {
				CODE_SIGN_ENTITLEMENTS = Extensions/SlopExtension.entitlements;
				COMBINE_HIDPI_IMAGES = YES;
				ENABLE_DEBUG_DYLIB = NO;
				ENABLE_HARDENED_RUNTIME = YES;
				INFOPLIST_FILE = Extensions/Thumbnail/Info.plist;
				LD_RUNPATH_SEARCH_PATHS = (
					"$(inherited)",
					"@executable_path/../Frameworks",
					"@executable_path/../../../../Frameworks",
				);
				PRODUCT_BUNDLE_IDENTIFIER = com.hitslop.app.thumbnail;
				PRODUCT_NAME = SlopThumbnail;
				SDKROOT = macosx;
				SKIP_INSTALL = YES;
			};
			name = Debug;
		};
		80748AD2CBD34BFED2E10698 /* Debug */ = {
			isa = XCBuildConfiguration;
			buildSettings = {
				ASSETCATALOG_COMPILER_APPICON_NAME = AppIcon;
				CODE_SIGN_ENTITLEMENTS = hitSlop/hitSlop.entitlements;
				COMBINE_HIDPI_IMAGES = YES;
				ENABLE_HARDENED_RUNTIME = YES;
				INFOPLIST_FILE = "hitSlop/App-Info.plist";
				LD_RUNPATH_SEARCH_PATHS = (
					"$(inherited)",
					"@executable_path/../Frameworks",
				);
				PRODUCT_BUNDLE_IDENTIFIER = com.hitslop.app;
				PRODUCT_NAME = hitSlop;
				SDKROOT = macosx;
				SKIP_INSTALL = NO;
			};
			name = Debug;
		};
		82A1452E4F4263D6213BCDCB /* Debug */ = {
			isa = XCBuildConfiguration;
			buildSettings = {
				CODE_SIGN_ENTITLEMENTS = Extensions/SlopExtension.entitlements;
				COMBINE_HIDPI_IMAGES = YES;
				ENABLE_DEBUG_DYLIB = NO;
				ENABLE_HARDENED_RUNTIME = YES;
				INFOPLIST_FILE = Extensions/Preview/Info.plist;
				LD_RUNPATH_SEARCH_PATHS = (
					"$(inherited)",
					"@executable_path/../Frameworks",
					"@executable_path/../../../../Frameworks",
				);
				PRODUCT_BUNDLE_IDENTIFIER = com.hitslop.app.preview;
				PRODUCT_NAME = SlopPreview;
				SDKROOT = macosx;
				SKIP_INSTALL = YES;
			};
			name = Debug;
		};
		C720126EA1EEF4892A8FF248 /* Debug */ = {
			isa = XCBuildConfiguration;
			buildSettings = {
				ALWAYS_SEARCH_USER_PATHS = NO;
				CLANG_ANALYZER_NONNULL = YES;
				CLANG_ANALYZER_NUMBER_OBJECT_CONVERSION = YES_AGGRESSIVE;
				CLANG_CXX_LANGUAGE_STANDARD = "gnu++14";
				CLANG_CXX_LIBRARY = "libc++";
				CLANG_ENABLE_MODULES = YES;
				CLANG_ENABLE_OBJC_ARC = YES;
				CLANG_ENABLE_OBJC_WEAK = YES;
				CLANG_WARN_BLOCK_CAPTURE_AUTORELEASING = YES;
				CLANG_WARN_BOOL_CONVERSION = YES;
				CLANG_WARN_COMMA = YES;
				CLANG_WARN_CONSTANT_CONVERSION = YES;
				CLANG_WARN_DEPRECATED_OBJC_IMPLEMENTATIONS = YES;
				CLANG_WARN_DIRECT_OBJC_ISA_USAGE = YES_ERROR;
				CLANG_WARN_DOCUMENTATION_COMMENTS = YES;
				CLANG_WARN_EMPTY_BODY = YES;
				CLANG_WARN_ENUM_CONVERSION = YES;
				CLANG_WARN_INFINITE_RECURSION = YES;
				CLANG_WARN_INT_CONVERSION = YES;
				CLANG_WARN_NON_LITERAL_NULL_CONVERSION = YES;
				CLANG_WARN_OBJC_IMPLICIT_RETAIN_SELF = YES;
				CLANG_WARN_OBJC_LITERAL_CONVERSION = YES;
				CLANG_WARN_OBJC_ROOT_CLASS = YES_ERROR;
				CLANG_WARN_QUOTED_INCLUDE_IN_FRAMEWORK_HEADER = YES;
				CLANG_WARN_RANGE_LOOP_ANALYSIS = YES;
				CLANG_WARN_STRICT_PROTOTYPES = YES;
				CLANG_WARN_SUSPICIOUS_MOVE = YES;
				CLANG_WARN_UNGUARDED_AVAILABILITY = YES_AGGRESSIVE;
				CLANG_WARN_UNREACHABLE_CODE = YES;
				CLANG_WARN__DUPLICATE_METHOD_MATCH = YES;
				CODE_SIGN_STYLE = Automatic;
				COPY_PHASE_STRIP = NO;
				CURRENT_PROJECT_VERSION = 12;
				DEBUG_INFORMATION_FORMAT = dwarf;
				DEVELOPMENT_TEAM = 78UAXU8QG8;
				ENABLE_STRICT_OBJC_MSGSEND = YES;
				ENABLE_TESTABILITY = YES;
				GCC_C_LANGUAGE_STANDARD = gnu11;
				GCC_DYNAMIC_NO_PIC = NO;
				GCC_NO_COMMON_BLOCKS = YES;
				GCC_OPTIMIZATION_LEVEL = 0;
				GCC_PREPROCESSOR_DEFINITIONS = (
					"$(inherited)",
					"DEBUG=1",
				);
				GCC_WARN_64_TO_32_BIT_CONVERSION = YES;
				GCC_WARN_ABOUT_RETURN_TYPE = YES_ERROR;
				GCC_WARN_UNDECLARED_SELECTOR = YES;
				GCC_WARN_UNINITIALIZED_AUTOS = YES_AGGRESSIVE;
				GCC_WARN_UNUSED_FUNCTION = YES;
				GCC_WARN_UNUSED_VARIABLE = YES;
				MACOSX_DEPLOYMENT_TARGET = 14.0;
				MARKETING_VERSION = 1.0.0;
				MTL_ENABLE_DEBUG_INFO = INCLUDE_SOURCE;
				MTL_FAST_MATH = YES;
				ONLY_ACTIVE_ARCH = YES;
				PRODUCT_NAME = "$(TARGET_NAME)";
				SDKROOT = macosx;
				SWIFT_ACTIVE_COMPILATION_CONDITIONS = DEBUG;
				SWIFT_OPTIMIZATION_LEVEL = "-Onone";
				SWIFT_STRICT_CONCURRENCY = minimal;
				SWIFT_VERSION = 6.0;
			};
			name = Debug;
		};
		D49A39A812B243359A3AC025 /* Release */ = {
			isa = XCBuildConfiguration;
			buildSettings = {
				ASSETCATALOG_COMPILER_APPICON_NAME = AppIcon;
				CODE_SIGN_ENTITLEMENTS = hitSlop/hitSlop.entitlements;
				COMBINE_HIDPI_IMAGES = YES;
				ENABLE_HARDENED_RUNTIME = YES;
				INFOPLIST_FILE = "hitSlop/App-Info.plist";
				LD_RUNPATH_SEARCH_PATHS = (
					"$(inherited)",
					"@executable_path/../Frameworks",
				);
				PRODUCT_BUNDLE_IDENTIFIER = com.hitslop.app;
				PRODUCT_NAME = hitSlop;
				SDKROOT = macosx;
				SKIP_INSTALL = NO;
			};
			name = Release;
		};
		F52F00C038D75AEB2D4FEBA7 /* Release */ = {
			isa = XCBuildConfiguration;
			buildSettings = {
				CODE_SIGN_ENTITLEMENTS = Extensions/SlopExtension.entitlements;
				COMBINE_HIDPI_IMAGES = YES;
				ENABLE_DEBUG_DYLIB = NO;
				ENABLE_HARDENED_RUNTIME = YES;
				INFOPLIST_FILE = Extensions/Preview/Info.plist;
				LD_RUNPATH_SEARCH_PATHS = (
					"$(inherited)",
					"@executable_path/../Frameworks",
					"@executable_path/../../../../Frameworks",
				);
				PRODUCT_BUNDLE_IDENTIFIER = com.hitslop.app.preview;
				PRODUCT_NAME = SlopPreview;
				SDKROOT = macosx;
				SKIP_INSTALL = YES;
			};
			name = Release;
		};
/* End XCBuildConfiguration section */

/* Begin XCConfigurationList section */
		7A8CB778422498D6AE463956 /* Build configuration list for PBXNativeTarget "SlopThumbnail" */ = {
			isa = XCConfigurationList;
			buildConfigurations = (
				427C2B1E8368320F2677509A /* Debug */,
				28C486950184DA4E014D7CC5 /* Release */,
			);
			defaultConfigurationIsVisible = 0;
			defaultConfigurationName = Debug;
		};
		8FA240F08F07FDE8EF08576D /* Build configuration list for PBXNativeTarget "hitSlop" */ = {
			isa = XCConfigurationList;
			buildConfigurations = (
				80748AD2CBD34BFED2E10698 /* Debug */,
				D49A39A812B243359A3AC025 /* Release */,
			);
			defaultConfigurationIsVisible = 0;
			defaultConfigurationName = Debug;
		};
		98BE2D462A13B3EDCF0F1716 /* Build configuration list for PBXNativeTarget "SlopPreview" */ = {
			isa = XCConfigurationList;
			buildConfigurations = (
				82A1452E4F4263D6213BCDCB /* Debug */,
				F52F00C038D75AEB2D4FEBA7 /* Release */,
			);
			defaultConfigurationIsVisible = 0;
			defaultConfigurationName = Debug;
		};
		B3E732B362FDAA62F5965483 /* Build configuration list for PBXProject "hitSlop" */ = {
			isa = XCConfigurationList;
			buildConfigurations = (
				C720126EA1EEF4892A8FF248 /* Debug */,
				0172489AC57241C1FFE30A08 /* Release */,
			);
			defaultConfigurationIsVisible = 0;
			defaultConfigurationName = Debug;
		};
/* End XCConfigurationList section */

/* Begin XCLocalSwiftPackageReference section */
		0309D4433438012202CF75A3 /* XCLocalSwiftPackageReference "../packages/HitSlopCore" */ = {
			isa = XCLocalSwiftPackageReference;
			relativePath = ../packages/HitSlopCore;
		};
		D52975DAE24A8785AA0A70A4 /* XCLocalSwiftPackageReference "../packages/HitSlopHost" */ = {
			isa = XCLocalSwiftPackageReference;
			relativePath = ../packages/HitSlopHost;
		};
/* End XCLocalSwiftPackageReference section */

/* Begin XCSwiftPackageProductDependency section */
		534C85A4F7ABB2028F8CFD43 /* HitSlopHost */ = {
			isa = XCSwiftPackageProductDependency;
			productName = HitSlopHost;
		};
		EB4F34C1F7C64F22E5822C25 /* HitSlopCore */ = {
			isa = XCSwiftPackageProductDependency;
			productName = HitSlopCore;
		};
		F25D9DD69004F27CE2B11192 /* HitSlopCore */ = {
			isa = XCSwiftPackageProductDependency;
			productName = HitSlopCore;
		};
/* End XCSwiftPackageProductDependency section */
	};
	rootObject = CDECF904C55C706C56EAFBA5 /* Project object */;
}
