{
  "originHash" : "f521bcf2518397a3a896bb41f281669c41b0f5bd3fc21a554d0414c7dfb0a496",
  "pins" : [
    {
      "identity" : "swift-argument-parser",
      "kind" : "remoteSourceControl",
      "location" : "https://github.com/apple/swift-argument-parser.git",
      "state" : {
        "revision" : "6a52f3251125d74daf04fcbd5e6f08a75d074382",
        "version" : "1.8.2"
      }
    },
    {
      "identity" : "swift-justhtml",
      "kind" : "remoteSourceControl",
      "location" : "https://github.com/kylehowells/swift-justhtml.git",
      "state" : {
        "revision" : "2f06b50f3c4ca512549966f90552cbb237c1fceb",
        "version" : "0.4.6"
      }
    }
  ],
  "version" : 3
}
