{
  "originHash" : "223d966f1aa418bc4f83f8bea2f88f2d6da5f41695d5056fa474e05615b89fe3",
  "pins" : [
    {
      "identity" : "swift-collections",
      "kind" : "remoteSourceControl",
      "location" : "https://github.com/apple/swift-collections.git",
      "state" : {
        "revision" : "a0cb0954ecb21e4e31b0070e6ed5674e8556685a",
        "version" : "1.6.0"
      }
    },
    {
      "identity" : "swift-dynamicjson",
      "kind" : "remoteSourceControl",
      "location" : "https://github.com/objecthub/swift-dynamicjson.git",
      "state" : {
        "revision" : "9648f32126ade414b00b9551c27870d4ad9b168c",
        "version" : "1.0.2"
      }
    },
    {
      "identity" : "swift-json-schema",
      "kind" : "remoteSourceControl",
      "location" : "https://github.com/ajevans99/swift-json-schema.git",
      "state" : {
        "revision" : "1514dd27fd55dbd36eec40c60e40ac8bfe0a22f4",
        "version" : "0.14.1"
      }
    },
    {
      "identity" : "swift-syntax",
      "kind" : "remoteSourceControl",
      "location" : "https://github.com/swiftlang/swift-syntax.git",
      "state" : {
        "revision" : "050f1a346fbbac0ca2cfb15a95274f7bd1cf0ccf",
        "version" : "604.0.0"
      }
    }
  ],
  "version" : 3
}
