{
  "lockfileVersion": 2,
  "configVersion": 1,
  "workspaces": {
    "": {
      "name": "hitslop-engine-placement-spike",
      "dependencies": {
        "loro-crdt": "1.16.2",
      },
    },
  },
  "packages": {
    "loro-crdt": ["loro-crdt@1.16.2", "", {}, "sha512-Jbfy/P6ggYWa3joyz/P+Vqtg66+pUdF+a6PrC69bTnNQIaElJd/Tx5xBPZBa9rgMjoU3YW67v9CSMLqRi8TeQA=="],
  }
}
