{
  "originHash" : "02c8ba7e66622c28a379acf641ca52b91c46aff5a8e53bdf4a6648e207b85c26",
  "pins" : [
    {
      "identity" : "loro-swift",
      "kind" : "remoteSourceControl",
      "location" : "https://github.com/loro-dev/loro-swift.git",
      "state" : {
        "revision" : "92f04db76d86012c2ff7678affb1293083c31573",
        "version" : "1.16.2"
      }
    }
  ],
  "version" : 3
}
